{
    "_meta": {
        "hash": {
            "sha256": "872134be17c1c997c56d87d65c3ae9a24113a7e8f05ec7a5a43408263030521e"
        },
        "pipfile-spec": 6,
        "requires": {
            "python_full_version": "3.8.13",
            "python_version": "3.8"
        },
        "sources": [
            {
                "name": "pypi",
                "url": "https://pypi.org/simple",
                "verify_ssl": true
            }
        ]
    },
    "default": {
        "alembic": {
            "hashes": [
                "sha256:1acdd7a3a478e208b0503cd73614d5e4c6efafa4e73518bb60e4f2846a37b1c5",
                "sha256:496e888245a53adf1498fcab31713a469c65836f8de76e01399aa1c3e90dd213"
            ],
            "markers": "python_version >= '3.8'",
            "version": "==1.14.1"
        },
        "blinker": {
            "hashes": [
                "sha256:1779309f71bf239144b9399d06ae925637cf6634cf6bd131104184531bf67c01",
                "sha256:8f77b09d3bf7c795e969e9486f39c2c5e9c39d4ee07424be2bc594ece9642d83"
            ],
            "markers": "python_version >= '3.8'",
            "version": "==1.8.2"
        },
        "click": {
            "hashes": [
                "sha256:63c132bbbed01578a06712a2d1f497bb62d9c1c0d329b7903a866228027263b2",
                "sha256:ed53c9d8990d83c2a27deae68e4ee337473f6330c040a31d4225c9574d16096a"
            ],
            "markers": "python_version >= '3.7'",
            "version": "==8.1.8"
        },
        "flask": {
            "hashes": [
                "sha256:34e815dfaa43340d1d15a5c3a02b8476004037eb4840b34910c6e21679d288f3",
                "sha256:ceb27b0af3823ea2737928a4d99d125a06175b8512c445cbd9a9ce200ef76842"
            ],
            "index": "pypi",
            "markers": "python_version >= '3.8'",
            "version": "==3.0.3"
        },
        "flask-migrate": {
            "hashes": [
                "sha256:1a336b06eb2c3ace005f5f2ded8641d534c18798d64061f6ff11f79e1434126d",
                "sha256:24d8051af161782e0743af1b04a152d007bad9772b2bca67b7ec1e8ceeb3910d"
            ],
            "index": "pypi",
            "markers": "python_version >= '3.6'",
            "version": "==4.1.0"
        },
        "flask-sqlalchemy": {
            "hashes": [
                "sha256:4ba4be7f419dc72f4efd8802d69974803c37259dd42f3913b0dcf75c9447e0a0",
                "sha256:e4b68bb881802dda1a7d878b2fc84c06d1ee57fb40b874d3dc97dabfa36b8312"
            ],
            "index": "pypi",
            "markers": "python_version >= '3.8'",
            "version": "==3.1.1"
        },
        "greenlet": {
            "hashes": [
                "sha256:0153404a4bb921f0ff1abeb5ce8a5131da56b953eda6e14b88dc6bbc04d2049e",
                "sha256:03a088b9de532cbfe2ba2034b2b85e82df37874681e8c470d6fb2f8c04d7e4b7",
                "sha256:04b013dc07c96f83134b1e99888e7a79979f1a247e2a9f59697fa14b5862ed01",
                "sha256:05175c27cb459dcfc05d026c4232f9de8913ed006d42713cb8a5137bd49375f1",
                "sha256:09fc016b73c94e98e29af67ab7b9a879c307c6731a2c9da0db5a7d9b7edd1159",
                "sha256:0bbae94a29c9e5c7e4a2b7f0aae5c17e8e90acbfd3bf6270eeba60c39fce3563",
                "sha256:0fde093fb93f35ca72a556cf72c92ea3ebfda3d79fc35bb19fbe685853869a83",
                "sha256:1443279c19fca463fc33e65ef2a935a5b09bb90f978beab37729e1c3c6c25fe9",
                "sha256:1776fd7f989fc6b8d8c8cb8da1f6b82c5814957264d1f6cf818d475ec2bf6395",
                "sha256:1d3755bcb2e02de341c55b4fca7a745a24a9e7212ac953f6b3a48d117d7257aa",
                "sha256:23f20bb60ae298d7d8656c6ec6db134bca379ecefadb0b19ce6f19d1f232a942",
                "sha256:275f72decf9932639c1c6dd1013a1bc266438eb32710016a1c742df5da6e60a1",
                "sha256:2846930c65b47d70b9d178e89c7e1a69c95c1f68ea5aa0a58646b7a96df12441",
                "sha256:3319aa75e0e0639bc15ff54ca327e8dc7a6fe404003496e3c6925cd3142e0e22",
                "sha256:346bed03fe47414091be4ad44786d1bd8bef0c3fcad6ed3dee074a032ab408a9",
                "sha256:36b89d13c49216cadb828db8dfa6ce86bbbc476a82d3a6c397f0efae0525bdd0",
                "sha256:37b9de5a96111fc15418819ab4c4432e4f3c2ede61e660b1e33971eba26ef9ba",
                "sha256:396979749bd95f018296af156201d6211240e7a23090f50a8d5d18c370084dc3",
                "sha256:3b2813dc3de8c1ee3f924e4d4227999285fd335d1bcc0d2be6dc3f1f6a318ec1",
                "sha256:411f015496fec93c1c8cd4e5238da364e1da7a124bcb293f085bf2860c32c6f6",
                "sha256:47da355d8687fd65240c364c90a31569a133b7b60de111c255ef5b606f2ae291",
                "sha256:48ca08c771c268a768087b408658e216133aecd835c0ded47ce955381105ba39",
                "sha256:4afe7ea89de619adc868e087b4d2359282058479d7cfb94970adf4b55284574d",
                "sha256:4ce3ac6cdb6adf7946475d7ef31777c26d94bccc377e070a7986bd2d5c515467",
                "sha256:4ead44c85f8ab905852d3de8d86f6f8baf77109f9da589cb4fa142bd3b57b475",
                "sha256:54558ea205654b50c438029505def3834e80f0869a70fb15b871c29b4575ddef",
                "sha256:5e06afd14cbaf9e00899fae69b24a32f2196c19de08fcb9f4779dd4f004e5e7c",
                "sha256:62ee94988d6b4722ce0028644418d93a52429e977d742ca2ccbe1c4f4a792511",
                "sha256:63e4844797b975b9af3a3fb8f7866ff08775f5426925e1e0bbcfe7932059a12c",
                "sha256:6510bf84a6b643dabba74d3049ead221257603a253d0a9873f55f6a59a65f822",
                "sha256:667a9706c970cb552ede35aee17339a18e8f2a87a51fba2ed39ceeeb1004798a",
                "sha256:6ef9ea3f137e5711f0dbe5f9263e8c009b7069d8a1acea822bd5e9dae0ae49c8",
                "sha256:7017b2be767b9d43cc31416aba48aab0d2309ee31b4dbf10a1d38fb7972bdf9d",
                "sha256:7124e16b4c55d417577c2077be379514321916d5790fa287c9ed6f23bd2ffd01",
                "sha256:73aaad12ac0ff500f62cebed98d8789198ea0e6f233421059fa68a5aa7220145",
                "sha256:77c386de38a60d1dfb8e55b8c1101d68c79dfdd25c7095d51fec2dd800892b80",
                "sha256:7876452af029456b3f3549b696bb36a06db7c90747740c5302f74a9e9fa14b13",
                "sha256:7939aa3ca7d2a1593596e7ac6d59391ff30281ef280d8632fa03d81f7c5f955e",
                "sha256:8320f64b777d00dd7ccdade271eaf0cad6636343293a25074cc5566160e4de7b",
                "sha256:85f3ff71e2e60bd4b4932a043fbbe0f499e263c628390b285cb599154a3b03b1",
                "sha256:8b8b36671f10ba80e159378df9c4f15c14098c4fd73a36b9ad715f057272fbef",
                "sha256:93147c513fac16385d1036b7e5b102c7fbbdb163d556b791f0f11eada7ba65dc",
                "sha256:935e943ec47c4afab8965954bf49bfa639c05d4ccf9ef6e924188f762145c0ff",
                "sha256:94b6150a85e1b33b40b1464a3f9988dcc5251d6ed06842abff82e42632fac120",
                "sha256:94ebba31df2aa506d7b14866fed00ac141a867e63143fe5bca82a8e503b36437",
                "sha256:95ffcf719966dd7c453f908e208e14cde192e09fde6c7186c8f1896ef778d8cd",
                "sha256:98884ecf2ffb7d7fe6bd517e8eb99d31ff7855a840fa6d0d63cd07c037f6a981",
                "sha256:99cfaa2110534e2cf3ba31a7abcac9d328d1d9f1b95beede58294a60348fba36",
                "sha256:9e8f8c9cb53cdac7ba9793c276acd90168f416b9ce36799b9b885790f8ad6c0a",
                "sha256:a0dfc6c143b519113354e780a50381508139b07d2177cb6ad6a08278ec655798",
                "sha256:b2795058c23988728eec1f36a4e5e4ebad22f8320c85f3587b539b9ac84128d7",
                "sha256:b42703b1cf69f2aa1df7d1030b9d77d3e584a70755674d60e710f0af570f3761",
                "sha256:b7cede291382a78f7bb5f04a529cb18e068dd29e0fb27376074b6d0317bf4dd0",
                "sha256:b8a678974d1f3aa55f6cc34dc480169d58f2e6d8958895d68845fa4ab566509e",
                "sha256:b8da394b34370874b4572676f36acabac172602abf054cbc4ac910219f3340af",
                "sha256:c3a701fe5a9695b238503ce5bbe8218e03c3bcccf7e204e455e7462d770268aa",
                "sha256:c4aab7f6381f38a4b42f269057aee279ab0fc7bf2e929e3d4abfae97b682a12c",
                "sha256:ca9d0ff5ad43e785350894d97e13633a66e2b50000e8a183a50a88d834752d42",
                "sha256:d0028e725ee18175c6e422797c407874da24381ce0690d6b9396c204c7f7276e",
                "sha256:d21e10da6ec19b457b82636209cbe2331ff4306b54d06fa04b7c138ba18c8a81",
                "sha256:d5e975ca70269d66d17dd995dafc06f1b06e8cb1ec1e9ed54c1d1e4a7c4cf26e",
                "sha256:da7a9bff22ce038e19bf62c4dd1ec8391062878710ded0a845bcf47cc0200617",
                "sha256:db32b5348615a04b82240cc67983cb315309e88d444a288934ee6ceaebcad6cc",
                "sha256:dcc62f31eae24de7f8dce72134c8651c58000d3b1868e01392baea7c32c247de",
                "sha256:dfc59d69fc48664bc693842bd57acfdd490acafda1ab52c7836e3fc75c90a111",
                "sha256:e347b3bfcf985a05e8c0b7d462ba6f15b1ee1c909e2dcad795e49e91b152c383",
                "sha256:e4d333e558953648ca09d64f13e6d8f0523fa705f51cae3f03b5983489958c70",
                "sha256:ed10eac5830befbdd0c32f83e8aa6288361597550ba669b04c48f0f9a2c843c6",
                "sha256:efc0f674aa41b92da8c49e0346318c6075d734994c3c4e4430b1c3f853e498e4",
                "sha256:f1695e76146579f8c06c1509c7ce4dfe0706f49c6831a817ac04eebb2fd02011",
                "sha256:f1d4aeb8891338e60d1ab6127af1fe45def5259def8094b9c7e34690c8858803",
                "sha256:f406b22b7c9a9b4f8aa9d2ab13d6ae0ac3e85c9a809bd590ad53fed2bf70dc79",
                "sha256:f6ff3b14f2df4c41660a7dec01045a045653998784bf8cfcb5a525bdffffbc8f"
            ],
            "markers": "python_version >= '3.7'",
            "version": "==3.1.1"
        },
        "importlib-metadata": {
            "hashes": [
                "sha256:45e54197d28b7a7f1559e60b95e7c567032b602131fbd588f1497f47880aa68b",
                "sha256:71522656f0abace1d072b9e5481a48f07c138e00f079c38c8f883823f9c26bd7"
            ],
            "markers": "python_version >= '3.8'",
            "version": "==8.5.0"
        },
        "importlib-resources": {
            "hashes": [
                "sha256:980862a1d16c9e147a59603677fa2aa5fd82b87f223b6cb870695bcfce830065",
                "sha256:ac29d5f956f01d5e4bb63102a5a19957f1b9175e45649977264a1416783bb717"
            ],
            "markers": "python_version >= '3.8'",
            "version": "==6.4.5"
        },
        "itsdangerous": {
            "hashes": [
                "sha256:c6242fc49e35958c8b15141343aa660db5fc54d4f13a1db01a3f5891b98700ef",
                "sha256:e0050c0b7da1eea53ffaf149c0cfbb5c6e2e2b69c4bef22c81fa6eb73e5f6173"
            ],
            "markers": "python_version >= '3.8'",
            "version": "==2.2.0"
        },
        "jinja2": {
            "hashes": [
                "sha256:8fefff8dc3034e27bb80d67c671eb8a9bc424c0ef4c0826edbff304cceff43bb",
                "sha256:aba0f4dc9ed8013c424088f68a5c226f7d6097ed89b246d7749c2ec4175c6adb"
            ],
            "markers": "python_version >= '3.7'",
            "version": "==3.1.5"
        },
        "mako": {
            "hashes": [
                "sha256:42f48953c7eb91332040ff567eb7eea69b22e7a4affbc5ba8e845e8f730f6627",
                "sha256:577b97e414580d3e088d47c2dbbe9594aa7a5146ed2875d4dfa9075af2dd3cc8"
            ],
            "markers": "python_version >= '3.8'",
            "version": "==1.3.8"
        },
        "markupsafe": {
            "hashes": [
                "sha256:00e046b6dd71aa03a41079792f8473dc494d564611a8f89bbbd7cb93295ebdcf",
                "sha256:075202fa5b72c86ad32dc7d0b56024ebdbcf2048c0ba09f1cde31bfdd57bcfff",
                "sha256:0e397ac966fdf721b2c528cf028494e86172b4feba51d65f81ffd65c63798f3f",
                "sha256:17b950fccb810b3293638215058e432159d2b71005c74371d784862b7e4683f3",
                "sha256:1f3fbcb7ef1f16e48246f704ab79d79da8a46891e2da03f8783a5b6fa41a9532",
                "sha256:2174c595a0d73a3080ca3257b40096db99799265e1c27cc5a610743acd86d62f",
                "sha256:2b7c57a4dfc4f16f7142221afe5ba4e093e09e728ca65c51f5620c9aaeb9a617",
                "sha256:2d2d793e36e230fd32babe143b04cec8a8b3eb8a3122d2aceb4a371e6b09b8df",
                "sha256:30b600cf0a7ac9234b2638fbc0fb6158ba5bdcdf46aeb631ead21248b9affbc4",
                "sha256:397081c1a0bfb5124355710fe79478cdbeb39626492b15d399526ae53422b906",
                "sha256:3a57fdd7ce31c7ff06cdfbf31dafa96cc533c21e443d57f5b1ecc6cdc668ec7f",
                "sha256:3c6b973f22eb18a789b1460b4b91bf04ae3f0c4234a0a6aa6b0a92f6f7b951d4",
                "sha256:3e53af139f8579a6d5f7b76549125f0d94d7e630761a2111bc431fd820e163b8",
                "sha256:4096e9de5c6fdf43fb4f04c26fb114f61ef0bf2e5604b6ee3019d51b69e8c371",
                "sha256:4275d846e41ecefa46e2015117a9f491e57a71ddd59bbead77e904dc02b1bed2",
                "sha256:4c31f53cdae6ecfa91a77820e8b151dba54ab528ba65dfd235c80b086d68a465",
                "sha256:4f11aa001c540f62c6166c7726f71f7573b52c68c31f014c25cc7901deea0b52",
                "sha256:5049256f536511ee3f7e1b3f87d1d1209d327e818e6ae1365e8653d7e3abb6a6",
                "sha256:58c98fee265677f63a4385256a6d7683ab1832f3ddd1e66fe948d5880c21a169",
                "sha256:598e3276b64aff0e7b3451b72e94fa3c238d452e7ddcd893c3ab324717456bad",
                "sha256:5b7b716f97b52c5a14bffdf688f971b2d5ef4029127f1ad7a513973cfd818df2",
                "sha256:5dedb4db619ba5a2787a94d877bc8ffc0566f92a01c0ef214865e54ecc9ee5e0",
                "sha256:619bc166c4f2de5caa5a633b8b7326fbe98e0ccbfacabd87268a2b15ff73a029",
                "sha256:629ddd2ca402ae6dbedfceeba9c46d5f7b2a61d9749597d4307f943ef198fc1f",
                "sha256:656f7526c69fac7f600bd1f400991cc282b417d17539a1b228617081106feb4a",
                "sha256:6ec585f69cec0aa07d945b20805be741395e28ac1627333b1c5b0105962ffced",
                "sha256:72b6be590cc35924b02c78ef34b467da4ba07e4e0f0454a2c5907f473fc50ce5",
                "sha256:7502934a33b54030eaf1194c21c692a534196063db72176b0c4028e140f8f32c",
                "sha256:7a68b554d356a91cce1236aa7682dc01df0edba8d043fd1ce607c49dd3c1edcf",
                "sha256:7b2e5a267c855eea6b4283940daa6e88a285f5f2a67f2220203786dfa59b37e9",
                "sha256:823b65d8706e32ad2df51ed89496147a42a2a6e01c13cfb6ffb8b1e92bc910bb",
                "sha256:8590b4ae07a35970728874632fed7bd57b26b0102df2d2b233b6d9d82f6c62ad",
                "sha256:8dd717634f5a044f860435c1d8c16a270ddf0ef8588d4887037c5028b859b0c3",
                "sha256:8dec4936e9c3100156f8a2dc89c4b88d5c435175ff03413b443469c7c8c5f4d1",
                "sha256:97cafb1f3cbcd3fd2b6fbfb99ae11cdb14deea0736fc2b0952ee177f2b813a46",
                "sha256:a17a92de5231666cfbe003f0e4b9b3a7ae3afb1ec2845aadc2bacc93ff85febc",
                "sha256:a549b9c31bec33820e885335b451286e2969a2d9e24879f83fe904a5ce59d70a",
                "sha256:ac07bad82163452a6884fe8fa0963fb98c2346ba78d779ec06bd7a6262132aee",
                "sha256:ae2ad8ae6ebee9d2d94b17fb62763125f3f374c25618198f40cbb8b525411900",
                "sha256:b91c037585eba9095565a3556f611e3cbfaa42ca1e865f7b8015fe5c7336d5a5",
                "sha256:bc1667f8b83f48511b94671e0e441401371dfd0f0a795c7daa4a3cd1dde55bea",
                "sha256:bec0a414d016ac1a18862a519e54b2fd0fc8bbfd6890376898a6c0891dd82e9f",
                "sha256:bf50cd79a75d181c9181df03572cdce0fbb75cc353bc350712073108cba98de5",
                "sha256:bff1b4290a66b490a2f4719358c0cdcd9bafb6b8f061e45c7a2460866bf50c2e",
                "sha256:c061bb86a71b42465156a3ee7bd58c8c2ceacdbeb95d05a99893e08b8467359a",
                "sha256:c8b29db45f8fe46ad280a7294f5c3ec36dbac9491f2d1c17345be8e69cc5928f",
                "sha256:ce409136744f6521e39fd8e2a24c53fa18ad67aa5bc7c2cf83645cce5b5c4e50",
                "sha256:d050b3361367a06d752db6ead6e7edeb0009be66bc3bae0ee9d97fb326badc2a",
                "sha256:d283d37a890ba4c1ae73ffadf8046435c76e7bc2247bbb63c00bd1a709c6544b",
                "sha256:d9fad5155d72433c921b782e58892377c44bd6252b5af2f67f16b194987338a4",
                "sha256:daa4ee5a243f0f20d528d939d06670a298dd39b1ad5f8a72a4275124a7819eff",
                "sha256:db0b55e0f3cc0be60c1f19efdde9a637c32740486004f20d1cff53c3c0ece4d2",
                "sha256:e61659ba32cf2cf1481e575d0462554625196a1f2fc06a1c777d3f48e8865d46",
                "sha256:ea3d8a3d18833cf4304cd2fc9cbb1efe188ca9b5efef2bdac7adc20594a0e46b",
                "sha256:ec6a563cff360b50eed26f13adc43e61bc0c04d94b8be985e6fb24b81f6dcfdf",
                "sha256:f5dfb42c4604dddc8e4305050aa6deb084540643ed5804d7455b5df8fe16f5e5",
                "sha256:fa173ec60341d6bb97a89f5ea19c85c5643c1e7dedebc22f5181eb73573142c5",
                "sha256:fa9db3f79de01457b03d4f01b34cf91bc0048eb2c3846ff26f66687c2f6d16ab",
                "sha256:fce659a462a1be54d2ffcacea5e3ba2d74daa74f30f5f143fe0c58636e355fdd",
                "sha256:ffee1f21e5ef0d712f9033568f8344d5da8cc2869dbd08d87c84656e6a2d2f68"
            ],
            "markers": "python_version >= '3.7'",
            "version": "==2.1.5"
        },
        "sqlalchemy": {
            "hashes": [
                "sha256:03f0528c53ca0b67094c4764523c1451ea15959bbf0a8a8a3096900014db0278",
                "sha256:12b0f1ec623cccf058cf21cb544f0e74656618165b083d78145cafde156ea7b6",
                "sha256:12b28d99a9c14eaf4055810df1001557176716de0167b91026e648e65229bffb",
                "sha256:1b2690456528a87234a75d1a1644cdb330a6926f455403c8e4f6cad6921f9098",
                "sha256:1cdba1f73b64530c47b27118b7053b8447e6d6f3c8104e3ac59f3d40c33aa9fd",
                "sha256:293f9ade06b2e68dd03cfb14d49202fac47b7bb94bffcff174568c951fbc7af2",
                "sha256:2952748ecd67ed3b56773c185e85fc084f6bdcdec10e5032a7c25a6bc7d682ef",
                "sha256:2f95fc8e3f34b5f6b3effb49d10ac97c569ec8e32f985612d9b25dd12d0d2e94",
                "sha256:2fa2c0913f02341d25fb858e4fb2031e6b0813494cca1ba07d417674128ce11b",
                "sha256:3151822aa1db0eb5afd65ccfafebe0ef5cda3a7701a279c8d0bf17781a793bb4",
                "sha256:35bd2df269de082065d4b23ae08502a47255832cc3f17619a5cea92ce478b02b",
                "sha256:41296bbcaa55ef5fdd32389a35c710133b097f7b2609d8218c0eabded43a1d84",
                "sha256:44f569d0b1eb82301b92b72085583277316e7367e038d97c3a1a899d9a05e342",
                "sha256:46954173612617a99a64aee103bcd3f078901b9a8dcfc6ae80cbf34ba23df989",
                "sha256:4b12885dc85a2ab2b7d00995bac6d967bffa8594123b02ed21e8eb2205a7584b",
                "sha256:4f581d365af9373a738c49e0c51e8b18e08d8a6b1b15cc556773bcd8a192fa8b",
                "sha256:51bc9cfef83e0ac84f86bf2b10eaccb27c5a3e66a1212bef676f5bee6ef33ebb",
                "sha256:521ef85c04c33009166777c77e76c8a676e2d8528dc83a57836b63ca9c69dcd1",
                "sha256:5bc3339db84c5fb9130ac0e2f20347ee77b5dd2596ba327ce0d399752f4fce39",
                "sha256:635d8a21577341dfe4f7fa59ec394b346da12420b86624a69e466d446de16aff",
                "sha256:648ec5acf95ad59255452ef759054f2176849662af4521db6cb245263ae4aa33",
                "sha256:650dcb70739957a492ad8acff65d099a9586b9b8920e3507ca61ec3ce650bb72",
                "sha256:6b788f14c5bb91db7f468dcf76f8b64423660a05e57fe277d3f4fad7b9dcb7ce",
                "sha256:6c67415258f9f3c69867ec02fea1bf6508153709ecbd731a982442a590f2b7e4",
                "sha256:74bbd1d0a9bacf34266a7907d43260c8d65d31d691bb2356f41b17c2dca5b1d0",
                "sha256:75311559f5c9881a9808eadbeb20ed8d8ba3f7225bef3afed2000c2a9f4d49b9",
                "sha256:78361be6dc9073ed17ab380985d1e45e48a642313ab68ab6afa2457354ff692c",
                "sha256:7b7e772dc4bc507fdec4ee20182f15bd60d2a84f1e087a8accf5b5b7a0dcf2ba",
                "sha256:82df02816c14f8dc9f4d74aea4cb84a92f4b0620235daa76dde002409a3fbb5a",
                "sha256:84b9f23b0fa98a6a4b99d73989350a94e4a4ec476b9a7dfe9b79ba5939f5e80b",
                "sha256:8c4096727193762e72ce9437e2a86a110cf081241919ce3fab8e89c02f6b6658",
                "sha256:8e47f1af09444f87c67b4f1bb6231e12ba6d4d9f03050d7fc88df6d075231a49",
                "sha256:93d1543cd8359040c02b6614421c8e10cd7a788c40047dbc507ed46c29ae5636",
                "sha256:94b564e38b344d3e67d2e224f0aec6ba09a77e4582ced41e7bfd0f757d926ec9",
                "sha256:955a2a765aa1bd81aafa69ffda179d4fe3e2a3ad462a736ae5b6f387f78bfeb8",
                "sha256:9d087663b7e1feabea8c578d6887d59bb00388158e8bff3a76be11aa3f748ca2",
                "sha256:9df21b8d9e5c136ea6cde1c50d2b1c29a2b5ff2b1d610165c23ff250e0704087",
                "sha256:a8998bf9f8658bd3839cbc44ddbe982955641863da0c1efe5b00c1ab4f5c16b1",
                "sha256:b2eae3423e538c10d93ae3e87788c6a84658c3ed6db62e6a61bb9495b0ad16bb",
                "sha256:b661b49d0cb0ab311a189b31e25576b7ac3e20783beb1e1817d72d9d02508bf5",
                "sha256:bedee60385c1c0411378cbd4dc486362f5ee88deceea50002772912d798bb00f",
                "sha256:c505edd429abdfe3643fa3b2e83efb3445a34a9dc49d5f692dd087be966020e0",
                "sha256:cce918ada64c956b62ca2c2af59b125767097ec1dca89650a6221e887521bfd7",
                "sha256:cf5ae8a9dcf657fd72144a7fd01f243236ea39e7344e579a121c4205aedf07bb",
                "sha256:cf95a60b36997dad99692314c4713f141b61c5b0b4cc5c3426faad570b31ca01",
                "sha256:d57bafbab289e147d064ffbd5cca2d7b1394b63417c0636cea1f2e93d16eb9e8",
                "sha256:d70f53a0646cc418ca4853da57cf3ddddbccb8c98406791f24426f2dd77fd0e2",
                "sha256:d75ead7dd4d255068ea0f21492ee67937bd7c90964c8f3c2bea83c7b7f81b95f",
                "sha256:da36c3b0e891808a7542c5c89f224520b9a16c7f5e4d6a1156955605e54aef0e",
                "sha256:db18ff6b8c0f1917f8b20f8eca35c28bbccb9f83afa94743e03d40203ed83de9",
                "sha256:dfff7be361048244c3aa0f60b5e63221c5e0f0e509f4e47b8910e22b57d10ae7",
                "sha256:e4fb5ac86d8fe8151966814f6720996430462e633d225497566b3996966b9bdb",
                "sha256:e56a139bfe136a22c438478a86f8204c1eb5eed36f4e15c4224e4b9db01cb3e4",
                "sha256:e6f5d254a22394847245f411a2956976401e84da4288aa70cbcd5190744062c1",
                "sha256:e7402ff96e2b073a98ef6d6142796426d705addd27b9d26c3b32dbaa06d7d069",
                "sha256:ea308cec940905ba008291d93619d92edaf83232ec85fbd514dcb329f3192761",
                "sha256:eaa8039b6d20137a4e02603aba37d12cd2dde7887500b8855356682fc33933f4"
            ],
            "markers": "python_version >= '3.7'",
            "version": "==2.0.37"
        },
        "typing-extensions": {
            "hashes": [
                "sha256:04e5ca0351e0f3f85c6853954072df659d0d13fac324d0072316b67d7794700d",
                "sha256:1a7ead55c7e559dd4dee8856e3a88b41225abfe1ce8df57b7c13915fe121ffb8"
            ],
            "markers": "python_version >= '3.8'",
            "version": "==4.12.2"
        },
        "werkzeug": {
            "hashes": [
                "sha256:1bc0c2310d2fbb07b1dd1105eba2f7af72f322e1e455f2f93c993bee8c8a5f17",
                "sha256:a8dd59d4de28ca70471a34cba79bed5f7ef2e036a76b3ab0835474246eb41f8d"
            ],
            "markers": "python_version >= '3.8'",
            "version": "==3.0.6"
        },
        "zipp": {
            "hashes": [
                "sha256:a817ac80d6cf4b23bf7f2828b7cabf326f15a001bea8b1f9b49631780ba28350",
                "sha256:bc9eb26f4506fda01b81bcde0ca78103b6e62f991b381fec825435c836edbc29"
            ],
            "markers": "python_version >= '3.8'",
            "version": "==3.20.2"
        }
    },
    "develop": {}
}
